<?xml version="1.0" encoding="utf-8"?>
<Project ToolsVersion="4.0" xmlns="http://schemas.microsoft.com/developer/msbuild/2003">
  <ItemGroup>
    <Filter Include="Source Files">
      <UniqueIdentifier>{4FC737F1-C7A5-4376-A066-2A32D752A2FF}</UniqueIdentifier>
      <Extensions>cpp;c;cc;cxx;def;odl;idl;hpj;bat;asm;asmx</Extensions>
    </Filter>
    <Filter Include="Header Files">
      <UniqueIdentifier>{93995380-89BD-4b04-88EB-625FBE52EBFB}</UniqueIdentifier>
      <Extensions>h;hh;hpp;hxx;hm;inl;inc;xsd</Extensions>
    </Filter>
    <Filter Include="Resource Files">
      <UniqueIdentifier>{D9D6E242-F8AF-46E4-B9FD-80ECBC20BA3E}</UniqueIdentifier>
      <Extensions>qrc;*</Extensions>
      <ParseFiles>false</ParseFiles>
    </Filter>
    <Filter Include="Form Files">
      <UniqueIdentifier>{99349809-55BA-4b9d-BF79-8FDBB0286EB3}</UniqueIdentifier>
      <Extensions>ui</Extensions>
    </Filter>
    <Filter Include="Resource Files">
      <UniqueIdentifier>{D9D6E242-F8AF-46E4-B9FD-80ECBC20BA3E}</UniqueIdentifier>
      <Extensions>qrc;*</Extensions>
      <ParseFiles>false</ParseFiles>
    </Filter>
    <Filter Include="Generated Files">
      <UniqueIdentifier>{71ED8ED8-ACB9-4CE9-BBE1-E00B30144E11}</UniqueIdentifier>
      <Extensions>moc;h;cpp</Extensions>
      <SourceControlFiles>False</SourceControlFiles>
    </Filter>
    <Filter Include="Generated Files\Debug">
      <UniqueIdentifier>{7c1d7591-82f6-4bf0-82d5-f51ee76fd68b}</UniqueIdentifier>
      <Extensions>cpp;moc</Extensions>
      <SourceControlFiles>False</SourceControlFiles>
    </Filter>
    <Filter Include="Generated Files\Release">
      <UniqueIdentifier>{cd6291b5-943c-4fe2-8520-d76f5cd2d77b}</UniqueIdentifier>
      <Extensions>cpp;moc</Extensions>
      <SourceControlFiles>False</SourceControlFiles>
    </Filter>
    <Filter Include="TcpServer">
      <UniqueIdentifier>{175bd750-55c9-485a-9203-d706d9ac45f1}</UniqueIdentifier>
    </Filter>
    <Filter Include="TcpClient">
      <UniqueIdentifier>{c5d4de21-e2c7-4fe2-b5f9-854098373289}</UniqueIdentifier>
    </Filter>
    <Filter Include="UdpSocket">
      <UniqueIdentifier>{cd538b87-2a95-4071-bdec-a44037925ccb}</UniqueIdentifier>
    </Filter>
    <Filter Include="XML">
      <UniqueIdentifier>{4e979b5f-ff19-450d-bf21-de3cb8a56cde}</UniqueIdentifier>
    </Filter>
  </ItemGroup>
  <ItemGroup>
    <ClCompile Include="main.cpp">
      <Filter>Source Files</Filter>
    </ClCompile>
    <ClCompile Include="FNetworkDebuggingAssistant.cpp">
      <Filter>Source Files</Filter>
    </ClCompile>
    <ClCompile Include="GeneratedFiles\Debug\moc_FNetworkDebuggingAssistant.cpp">
      <Filter>Generated Files\Debug</Filter>
    </ClCompile>
    <ClCompile Include="GeneratedFiles\Release\moc_FNetworkDebuggingAssistant.cpp">
      <Filter>Generated Files\Release</Filter>
    </ClCompile>
    <ClCompile Include="GeneratedFiles\qrc_FNetworkDebuggingAssistant.cpp">
      <Filter>Generated Files</Filter>
    </ClCompile>
    <ClCompile Include="FInfoConfig.cpp">
      <Filter>Source Files</Filter>
    </ClCompile>
    <ClCompile Include="FQStringUtil.cpp">
      <Filter>Source Files</Filter>
    </ClCompile>
    <ClCompile Include="GeneratedFiles\Debug\moc_FTcpServer.cpp">
      <Filter>Generated Files\Debug</Filter>
    </ClCompile>
    <ClCompile Include="GeneratedFiles\Release\moc_FTcpServer.cpp">
      <Filter>Generated Files\Release</Filter>
    </ClCompile>
    <ClCompile Include="FXmlDocument.cpp">
      <Filter>XML</Filter>
    </ClCompile>
    <ClCompile Include="FTcpServer.cpp">
      <Filter>TcpServer</Filter>
    </ClCompile>
    <ClCompile Include="GeneratedFiles\Debug\moc_FUdpServerAndClient.cpp">
      <Filter>Generated Files\Debug</Filter>
    </ClCompile>
    <ClCompile Include="GeneratedFiles\Release\moc_FUdpServerAndClient.cpp">
      <Filter>Generated Files\Release</Filter>
    </ClCompile>
    <ClCompile Include="GeneratedFiles\Debug\moc_FBaseSocket.cpp">
      <Filter>Generated Files\Debug</Filter>
    </ClCompile>
    <ClCompile Include="GeneratedFiles\Release\moc_FBaseSocket.cpp">
      <Filter>Generated Files\Release</Filter>
    </ClCompile>
    <ClCompile Include="FBaseSocket.cpp">
      <Filter>Source Files</Filter>
    </ClCompile>
    <ClCompile Include="FUdpServerAndClient.cpp">
      <Filter>UdpSocket</Filter>
    </ClCompile>
    <ClCompile Include="FTcpClient.cpp">
      <Filter>Source Files</Filter>
    </ClCompile>
  </ItemGroup>
  <ItemGroup>
    <CustomBuild Include="FNetworkDebuggingAssistant.h">
      <Filter>Header Files</Filter>
    </CustomBuild>
    <CustomBuild Include="FNetworkDebuggingAssistant.ui">
      <Filter>Form Files</Filter>
    </CustomBuild>
    <CustomBuild Include="FNetworkDebuggingAssistant.qrc">
      <Filter>Resource Files</Filter>
    </CustomBuild>
    <CustomBuild Include="FInfoConfig.h">
      <Filter>Header Files</Filter>
    </CustomBuild>
    <CustomBuild Include="FXmlDocument.h">
      <Filter>XML</Filter>
    </CustomBuild>
    <CustomBuild Include="FTcpServer.h">
      <Filter>TcpServer</Filter>
    </CustomBuild>
    <CustomBuild Include="FBaseSocket.h">
      <Filter>Header Files</Filter>
    </CustomBuild>
    <CustomBuild Include="FUdpServerAndClient.h">
      <Filter>UdpSocket</Filter>
    </CustomBuild>
  </ItemGroup>
  <ItemGroup>
    <ClInclude Include="GeneratedFiles\ui_FNetworkDebuggingAssistant.h">
      <Filter>Generated Files</Filter>
    </ClInclude>
    <ClInclude Include="FQStringUtil.h">
      <Filter>Header Files</Filter>
    </ClInclude>
    <ClInclude Include="FTcpClient.h">
      <Filter>Header Files</Filter>
    </ClInclude>
  </ItemGroup>
</Project>